
Microsoft Visual Studio Solution File, Format Version 12.00
# Visual Studio Version 17
VisualStudioVersion = 17.0.31903.59
MinimumVisualStudioVersion = 10.0.40219.1
Project("{2150E333-8FDC-42A3-9474-1A3956D46DE8}") = "src", "src", "{827E0CD3-B72D-47B6-A68D-7590B98EB39B}"
EndProject
Project("{FAE04EC0-301F-11D3-BF4B-00C04F79EFBC}") = "StandaloneUiBuilder", "src\StandaloneUiBuilder\StandaloneUiBuilder.csproj", "{9C6004F9-3AD0-4C4A-BC53-672E0DA5A875}"
EndProject
Project("{FAE04EC0-301F-11D3-BF4B-00C04F79EFBC}") = "StandaloneUiBuilder.Core", "src\StandaloneUiBuilder.Core\StandaloneUiBuilder.Core.csproj", "{0F7F1D64-3B77-4A4D-AE78-E53192B2BBBA}"
EndProject
Project("{2150E333-8FDC-42A3-9474-1A3956D46DE8}") = "tests", "tests", "{0AB3BF05-4346-4AA6-1389-037BE0695223}"
EndProject
Project("{FAE04EC0-301F-11D3-BF4B-00C04F79EFBC}") = "StandaloneUiBuilder.Core.Tests", "tests\StandaloneUiBuilder.Core.Tests\StandaloneUiBuilder.Core.Tests.csproj", "{97C1D0D0-5521-4248-B3B2-89A0E0C107EB}"
EndProject
Project("{FAE04EC0-301F-11D3-BF4B-00C04F79EFBC}") = "StandaloneUiBuilder.UiTests", "tests\StandaloneUiBuilder.UiTests\StandaloneUiBuilder.UiTests.csproj", "{5E296DD3-4A53-47B3-8DDA-F2735033A371}"
EndProject
Project("{FAE04EC0-301F-11D3-BF4B-00C04F79EFBC}") = "StandaloneUiBuilder.Output.Wpf", "src\StandaloneUiBuilder.Output.Wpf\StandaloneUiBuilder.Output.Wpf.csproj", "{399727C8-1249-483B-B29E-4176812346CF}"
EndProject
Project("{FAE04EC0-301F-11D3-BF4B-00C04F79EFBC}") = "StandaloneUiBuilder.Output", "src\StandaloneUiBuilder.Output\StandaloneUiBuilder.Output.csproj", "{054CB6E7-2EED-45EB-B2A0-CF7CD79581D7}"
EndProject
Project("{FAE04EC0-301F-11D3-BF4B-00C04F79EFBC}") = "StandaloneUiBuilder.Output.WinForms", "src\StandaloneUiBuilder.Output.WinForms\StandaloneUiBuilder.Output.WinForms.csproj", "{33B9696F-03D1-41F2-8137-1C54260AD124}"
EndProject
Project("{FAE04EC0-301F-11D3-BF4B-00C04F79EFBC}") = "StandaloneUiBuilder.Output.Blazor", "src\StandaloneUiBuilder.Output.Blazor\StandaloneUiBuilder.Output.Blazor.csproj", "{6F600E4A-38A9-4CB5-AF79-107268A15126}"
EndProject
Project("{FAE04EC0-301F-11D3-BF4B-00C04F79EFBC}") = "StandaloneUiBuilder.Web.Tests", "tests\StandaloneUiBuilder.Web.Tests\StandaloneUiBuilder.Web.Tests.csproj", "{EED4942C-78E3-4F43-8AAA-FEB6F5E32C9E}"
EndProject
Project("{FAE04EC0-301F-11D3-BF4B-00C04F79EFBC}") = "StandaloneUiBuilder.Output.WinUI", "src\StandaloneUiBuilder.Output.WinUI\StandaloneUiBuilder.Output.WinUI.csproj", "{0829B7BD-AC61-4E65-9312-BBD975CB9482}"
EndProject
Project("{FAE04EC0-301F-11D3-BF4B-00C04F79EFBC}") = "StandaloneUiBuilder.Import.Wpf", "src\StandaloneUiBuilder.Import.Wpf\StandaloneUiBuilder.Import.Wpf.csproj", "{8FF959FE-14E3-4143-BF92-2E8793135F96}"
EndProject
Project("{FAE04EC0-301F-11D3-BF4B-00C04F79EFBC}") = "StandaloneUiBuilder.Output.Maui", "src\StandaloneUiBuilder.Output.Maui\StandaloneUiBuilder.Output.Maui.csproj", "{6469FB3F-64E5-4ABF-9B72-BB8A15DDB871}"
EndProject
Global
	GlobalSection(SolutionConfigurationPlatforms) = preSolution
		Debug|Any CPU = Debug|Any CPU
		Debug|x64 = Debug|x64
		Debug|x86 = Debug|x86
		Release|Any CPU = Release|Any CPU
		Release|x64 = Release|x64
		Release|x86 = Release|x86
	EndGlobalSection
	GlobalSection(ProjectConfigurationPlatforms) = postSolution
		{9C6004F9-3AD0-4C4A-BC53-672E0DA5A875}.Debug|Any CPU.ActiveCfg = Debug|Any CPU
		{9C6004F9-3AD0-4C4A-BC53-672E0DA5A875}.Debug|Any CPU.Build.0 = Debug|Any CPU
		{9C6004F9-3AD0-4C4A-BC53-672E0DA5A875}.Debug|x64.ActiveCfg = Debug|Any CPU
		{9C6004F9-3AD0-4C4A-BC53-672E0DA5A875}.Debug|x64.Build.0 = Debug|Any CPU
		{9C6004F9-3AD0-4C4A-BC53-672E0DA5A875}.Debug|x86.ActiveCfg = Debug|Any CPU
		{9C6004F9-3AD0-4C4A-BC53-672E0DA5A875}.Debug|x86.Build.0 = Debug|Any CPU
		{9C6004F9-3AD0-4C4A-BC53-672E0DA5A875}.Release|Any CPU.ActiveCfg = Release|Any CPU
		{9C6004F9-3AD0-4C4A-BC53-672E0DA5A875}.Release|Any CPU.Build.0 = Release|Any CPU
		{9C6004F9-3AD0-4C4A-BC53-672E0DA5A875}.Release|x64.ActiveCfg = Release|Any CPU
		{9C6004F9-3AD0-4C4A-BC53-672E0DA5A875}.Release|x64.Build.0 = Release|Any CPU
		{9C6004F9-3AD0-4C4A-BC53-672E0DA5A875}.Release|x86.ActiveCfg = Release|Any CPU
		{9C6004F9-3AD0-4C4A-BC53-672E0DA5A875}.Release|x86.Build.0 = Release|Any CPU
		{0F7F1D64-3B77-4A4D-AE78-E53192B2BBBA}.Debug|Any CPU.ActiveCfg = Debug|Any CPU
		{0F7F1D64-3B77-4A4D-AE78-E53192B2BBBA}.Debug|Any CPU.Build.0 = Debug|Any CPU
		{0F7F1D64-3B77-4A4D-AE78-E53192B2BBBA}.Debug|x64.ActiveCfg = Debug|Any CPU
		{0F7F1D64-3B77-4A4D-AE78-E53192B2BBBA}.Debug|x64.Build.0 = Debug|Any CPU
		{0F7F1D64-3B77-4A4D-AE78-E53192B2BBBA}.Debug|x86.ActiveCfg = Debug|Any CPU
		{0F7F1D64-3B77-4A4D-AE78-E53192B2BBBA}.Debug|x86.Build.0 = Debug|Any CPU
		{0F7F1D64-3B77-4A4D-AE78-E53192B2BBBA}.Release|Any CPU.ActiveCfg = Release|Any CPU
		{0F7F1D64-3B77-4A4D-AE78-E53192B2BBBA}.Release|Any CPU.Build.0 = Release|Any CPU
		{0F7F1D64-3B77-4A4D-AE78-E53192B2BBBA}.Release|x64.ActiveCfg = Release|Any CPU
		{0F7F1D64-3B77-4A4D-AE78-E53192B2BBBA}.Release|x64.Build.0 = Release|Any CPU
		{0F7F1D64-3B77-4A4D-AE78-E53192B2BBBA}.Release|x86.ActiveCfg = Release|Any CPU
		{0F7F1D64-3B77-4A4D-AE78-E53192B2BBBA}.Release|x86.Build.0 = Release|Any CPU
		{97C1D0D0-5521-4248-B3B2-89A0E0C107EB}.Debug|Any CPU.ActiveCfg = Debug|Any CPU
		{97C1D0D0-5521-4248-B3B2-89A0E0C107EB}.Debug|Any CPU.Build.0 = Debug|Any CPU
		{97C1D0D0-5521-4248-B3B2-89A0E0C107EB}.Debug|x64.ActiveCfg = Debug|Any CPU
		{97C1D0D0-5521-4248-B3B2-89A0E0C107EB}.Debug|x64.Build.0 = Debug|Any CPU
		{97C1D0D0-5521-4248-B3B2-89A0E0C107EB}.Debug|x86.ActiveCfg = Debug|Any CPU
		{97C1D0D0-5521-4248-B3B2-89A0E0C107EB}.Debug|x86.Build.0 = Debug|Any CPU
		{97C1D0D0-5521-4248-B3B2-89A0E0C107EB}.Release|Any CPU.ActiveCfg = Release|Any CPU
		{97C1D0D0-5521-4248-B3B2-89A0E0C107EB}.Release|Any CPU.Build.0 = Release|Any CPU
		{97C1D0D0-5521-4248-B3B2-89A0E0C107EB}.Release|x64.ActiveCfg = Release|Any CPU
		{97C1D0D0-5521-4248-B3B2-89A0E0C107EB}.Release|x64.Build.0 = Release|Any CPU
		{97C1D0D0-5521-4248-B3B2-89A0E0C107EB}.Release|x86.ActiveCfg = Release|Any CPU
		{97C1D0D0-5521-4248-B3B2-89A0E0C107EB}.Release|x86.Build.0 = Release|Any CPU
		{5E296DD3-4A53-47B3-8DDA-F2735033A371}.Debug|Any CPU.ActiveCfg = Debug|Any CPU
		{5E296DD3-4A53-47B3-8DDA-F2735033A371}.Debug|Any CPU.Build.0 = Debug|Any CPU
		{5E296DD3-4A53-47B3-8DDA-F2735033A371}.Debug|x64.ActiveCfg = Debug|Any CPU
		{5E296DD3-4A53-47B3-8DDA-F2735033A371}.Debug|x64.Build.0 = Debug|Any CPU
		{5E296DD3-4A53-47B3-8DDA-F2735033A371}.Debug|x86.ActiveCfg = Debug|Any CPU
		{5E296DD3-4A53-47B3-8DDA-F2735033A371}.Debug|x86.Build.0 = Debug|Any CPU
		{5E296DD3-4A53-47B3-8DDA-F2735033A371}.Release|Any CPU.ActiveCfg = Release|Any CPU
		{5E296DD3-4A53-47B3-8DDA-F2735033A371}.Release|Any CPU.Build.0 = Release|Any CPU
		{5E296DD3-4A53-47B3-8DDA-F2735033A371}.Release|x64.ActiveCfg = Release|Any CPU
		{5E296DD3-4A53-47B3-8DDA-F2735033A371}.Release|x64.Build.0 = Release|Any CPU
		{5E296DD3-4A53-47B3-8DDA-F2735033A371}.Release|x86.ActiveCfg = Release|Any CPU
		{5E296DD3-4A53-47B3-8DDA-F2735033A371}.Release|x86.Build.0 = Release|Any CPU
		{399727C8-1249-483B-B29E-4176812346CF}.Debug|Any CPU.ActiveCfg = Debug|Any CPU
		{399727C8-1249-483B-B29E-4176812346CF}.Debug|Any CPU.Build.0 = Debug|Any CPU
		{399727C8-1249-483B-B29E-4176812346CF}.Debug|x64.ActiveCfg = Debug|Any CPU
		{399727C8-1249-483B-B29E-4176812346CF}.Debug|x64.Build.0 = Debug|Any CPU
		{399727C8-1249-483B-B29E-4176812346CF}.Debug|x86.ActiveCfg = Debug|Any CPU
		{399727C8-1249-483B-B29E-4176812346CF}.Debug|x86.Build.0 = Debug|Any CPU
		{399727C8-1249-483B-B29E-4176812346CF}.Release|Any CPU.ActiveCfg = Release|Any CPU
		{399727C8-1249-483B-B29E-4176812346CF}.Release|Any CPU.Build.0 = Release|Any CPU
		{399727C8-1249-483B-B29E-4176812346CF}.Release|x64.ActiveCfg = Release|Any CPU
		{399727C8-1249-483B-B29E-4176812346CF}.Release|x64.Build.0 = Release|Any CPU
		{399727C8-1249-483B-B29E-4176812346CF}.Release|x86.ActiveCfg = Release|Any CPU
		{399727C8-1249-483B-B29E-4176812346CF}.Release|x86.Build.0 = Release|Any CPU
		{054CB6E7-2EED-45EB-B2A0-CF7CD79581D7}.Debug|Any CPU.ActiveCfg = Debug|Any CPU
		{054CB6E7-2EED-45EB-B2A0-CF7CD79581D7}.Debug|Any CPU.Build.0 = Debug|Any CPU
		{054CB6E7-2EED-45EB-B2A0-CF7CD79581D7}.Debug|x64.ActiveCfg = Debug|Any CPU
		{054CB6E7-2EED-45EB-B2A0-CF7CD79581D7}.Debug|x64.Build.0 = Debug|Any CPU
		{054CB6E7-2EED-45EB-B2A0-CF7CD79581D7}.Debug|x86.ActiveCfg = Debug|Any CPU
		{054CB6E7-2EED-45EB-B2A0-CF7CD79581D7}.Debug|x86.Build.0 = Debug|Any CPU
		{054CB6E7-2EED-45EB-B2A0-CF7CD79581D7}.Release|Any CPU.ActiveCfg = Release|Any CPU
		{054CB6E7-2EED-45EB-B2A0-CF7CD79581D7}.Release|Any CPU.Build.0 = Release|Any CPU
		{054CB6E7-2EED-45EB-B2A0-CF7CD79581D7}.Release|x64.ActiveCfg = Release|Any CPU
		{054CB6E7-2EED-45EB-B2A0-CF7CD79581D7}.Release|x64.Build.0 = Release|Any CPU
		{054CB6E7-2EED-45EB-B2A0-CF7CD79581D7}.Release|x86.ActiveCfg = Release|Any CPU
		{054CB6E7-2EED-45EB-B2A0-CF7CD79581D7}.Release|x86.Build.0 = Release|Any CPU
		{33B9696F-03D1-41F2-8137-1C54260AD124}.Debug|Any CPU.ActiveCfg = Debug|Any CPU
		{33B9696F-03D1-41F2-8137-1C54260AD124}.Debug|Any CPU.Build.0 = Debug|Any CPU
		{33B9696F-03D1-41F2-8137-1C54260AD124}.Debug|x64.ActiveCfg = Debug|Any CPU
		{33B9696F-03D1-41F2-8137-1C54260AD124}.Debug|x64.Build.0 = Debug|Any CPU
		{33B9696F-03D1-41F2-8137-1C54260AD124}.Debug|x86.ActiveCfg = Debug|Any CPU
		{33B9696F-03D1-41F2-8137-1C54260AD124}.Debug|x86.Build.0 = Debug|Any CPU
		{33B9696F-03D1-41F2-8137-1C54260AD124}.Release|Any CPU.ActiveCfg = Release|Any CPU
		{33B9696F-03D1-41F2-8137-1C54260AD124}.Release|Any CPU.Build.0 = Release|Any CPU
		{33B9696F-03D1-41F2-8137-1C54260AD124}.Release|x64.ActiveCfg = Release|Any CPU
		{33B9696F-03D1-41F2-8137-1C54260AD124}.Release|x64.Build.0 = Release|Any CPU
		{33B9696F-03D1-41F2-8137-1C54260AD124}.Release|x86.ActiveCfg = Release|Any CPU
		{33B9696F-03D1-41F2-8137-1C54260AD124}.Release|x86.Build.0 = Release|Any CPU
		{6F600E4A-38A9-4CB5-AF79-107268A15126}.Debug|Any CPU.ActiveCfg = Debug|Any CPU
		{6F600E4A-38A9-4CB5-AF79-107268A15126}.Debug|Any CPU.Build.0 = Debug|Any CPU
		{6F600E4A-38A9-4CB5-AF79-107268A15126}.Debug|x64.ActiveCfg = Debug|Any CPU
		{6F600E4A-38A9-4CB5-AF79-107268A15126}.Debug|x64.Build.0 = Debug|Any CPU
		{6F600E4A-38A9-4CB5-AF79-107268A15126}.Debug|x86.ActiveCfg = Debug|Any CPU
		{6F600E4A-38A9-4CB5-AF79-107268A15126}.Debug|x86.Build.0 = Debug|Any CPU
		{6F600E4A-38A9-4CB5-AF79-107268A15126}.Release|Any CPU.ActiveCfg = Release|Any CPU
		{6F600E4A-38A9-4CB5-AF79-107268A15126}.Release|Any CPU.Build.0 = Release|Any CPU
		{6F600E4A-38A9-4CB5-AF79-107268A15126}.Release|x64.ActiveCfg = Release|Any CPU
		{6F600E4A-38A9-4CB5-AF79-107268A15126}.Release|x64.Build.0 = Release|Any CPU
		{6F600E4A-38A9-4CB5-AF79-107268A15126}.Release|x86.ActiveCfg = Release|Any CPU
		{6F600E4A-38A9-4CB5-AF79-107268A15126}.Release|x86.Build.0 = Release|Any CPU
		{EED4942C-78E3-4F43-8AAA-FEB6F5E32C9E}.Debug|Any CPU.ActiveCfg = Debug|Any CPU
		{EED4942C-78E3-4F43-8AAA-FEB6F5E32C9E}.Debug|Any CPU.Build.0 = Debug|Any CPU
		{EED4942C-78E3-4F43-8AAA-FEB6F5E32C9E}.Debug|x64.ActiveCfg = Debug|Any CPU
		{EED4942C-78E3-4F43-8AAA-FEB6F5E32C9E}.Debug|x64.Build.0 = Debug|Any CPU
		{EED4942C-78E3-4F43-8AAA-FEB6F5E32C9E}.Debug|x86.ActiveCfg = Debug|Any CPU
		{EED4942C-78E3-4F43-8AAA-FEB6F5E32C9E}.Debug|x86.Build.0 = Debug|Any CPU
		{EED4942C-78E3-4F43-8AAA-FEB6F5E32C9E}.Release|Any CPU.ActiveCfg = Release|Any CPU
		{EED4942C-78E3-4F43-8AAA-FEB6F5E32C9E}.Release|Any CPU.Build.0 = Release|Any CPU
		{EED4942C-78E3-4F43-8AAA-FEB6F5E32C9E}.Release|x64.ActiveCfg = Release|Any CPU
		{EED4942C-78E3-4F43-8AAA-FEB6F5E32C9E}.Release|x64.Build.0 = Release|Any CPU
		{EED4942C-78E3-4F43-8AAA-FEB6F5E32C9E}.Release|x86.ActiveCfg = Release|Any CPU
		{EED4942C-78E3-4F43-8AAA-FEB6F5E32C9E}.Release|x86.Build.0 = Release|Any CPU
		{0829B7BD-AC61-4E65-9312-BBD975CB9482}.Debug|Any CPU.ActiveCfg = Debug|Any CPU
		{0829B7BD-AC61-4E65-9312-BBD975CB9482}.Debug|Any CPU.Build.0 = Debug|Any CPU
		{0829B7BD-AC61-4E65-9312-BBD975CB9482}.Debug|x64.ActiveCfg = Debug|Any CPU
		{0829B7BD-AC61-4E65-9312-BBD975CB9482}.Debug|x64.Build.0 = Debug|Any CPU
		{0829B7BD-AC61-4E65-9312-BBD975CB9482}.Debug|x86.ActiveCfg = Debug|Any CPU
		{0829B7BD-AC61-4E65-9312-BBD975CB9482}.Debug|x86.Build.0 = Debug|Any CPU
		{0829B7BD-AC61-4E65-9312-BBD975CB9482}.Release|Any CPU.ActiveCfg = Release|Any CPU
		{0829B7BD-AC61-4E65-9312-BBD975CB9482}.Release|Any CPU.Build.0 = Release|Any CPU
		{0829B7BD-AC61-4E65-9312-BBD975CB9482}.Release|x64.ActiveCfg = Release|Any CPU
		{0829B7BD-AC61-4E65-9312-BBD975CB9482}.Release|x64.Build.0 = Release|Any CPU
		{0829B7BD-AC61-4E65-9312-BBD975CB9482}.Release|x86.ActiveCfg = Release|Any CPU
		{0829B7BD-AC61-4E65-9312-BBD975CB9482}.Release|x86.Build.0 = Release|Any CPU
		{8FF959FE-14E3-4143-BF92-2E8793135F96}.Debug|Any CPU.ActiveCfg = Debug|Any CPU
		{8FF959FE-14E3-4143-BF92-2E8793135F96}.Debug|Any CPU.Build.0 = Debug|Any CPU
		{8FF959FE-14E3-4143-BF92-2E8793135F96}.Debug|x64.ActiveCfg = Debug|Any CPU
		{8FF959FE-14E3-4143-BF92-2E8793135F96}.Debug|x64.Build.0 = Debug|Any CPU
		{8FF959FE-14E3-4143-BF92-2E8793135F96}.Debug|x86.ActiveCfg = Debug|Any CPU
		{8FF959FE-14E3-4143-BF92-2E8793135F96}.Debug|x86.Build.0 = Debug|Any CPU
		{8FF959FE-14E3-4143-BF92-2E8793135F96}.Release|Any CPU.ActiveCfg = Release|Any CPU
		{8FF959FE-14E3-4143-BF92-2E8793135F96}.Release|Any CPU.Build.0 = Release|Any CPU
		{8FF959FE-14E3-4143-BF92-2E8793135F96}.Release|x64.ActiveCfg = Release|Any CPU
		{8FF959FE-14E3-4143-BF92-2E8793135F96}.Release|x64.Build.0 = Release|Any CPU
		{8FF959FE-14E3-4143-BF92-2E8793135F96}.Release|x86.ActiveCfg = Release|Any CPU
		{8FF959FE-14E3-4143-BF92-2E8793135F96}.Release|x86.Build.0 = Release|Any CPU
		{6469FB3F-64E5-4ABF-9B72-BB8A15DDB871}.Debug|Any CPU.ActiveCfg = Debug|Any CPU
		{6469FB3F-64E5-4ABF-9B72-BB8A15DDB871}.Debug|Any CPU.Build.0 = Debug|Any CPU
		{6469FB3F-64E5-4ABF-9B72-BB8A15DDB871}.Debug|x64.ActiveCfg = Debug|Any CPU
		{6469FB3F-64E5-4ABF-9B72-BB8A15DDB871}.Debug|x64.Build.0 = Debug|Any CPU
		{6469FB3F-64E5-4ABF-9B72-BB8A15DDB871}.Debug|x86.ActiveCfg = Debug|Any CPU
		{6469FB3F-64E5-4ABF-9B72-BB8A15DDB871}.Debug|x86.Build.0 = Debug|Any CPU
		{6469FB3F-64E5-4ABF-9B72-BB8A15DDB871}.Release|Any CPU.ActiveCfg = Release|Any CPU
		{6469FB3F-64E5-4ABF-9B72-BB8A15DDB871}.Release|Any CPU.Build.0 = Release|Any CPU
		{6469FB3F-64E5-4ABF-9B72-BB8A15DDB871}.Release|x64.ActiveCfg = Release|Any CPU
		{6469FB3F-64E5-4ABF-9B72-BB8A15DDB871}.Release|x64.Build.0 = Release|Any CPU
		{6469FB3F-64E5-4ABF-9B72-BB8A15DDB871}.Release|x86.ActiveCfg = Release|Any CPU
		{6469FB3F-64E5-4ABF-9B72-BB8A15DDB871}.Release|x86.Build.0 = Release|Any CPU
	EndGlobalSection
	GlobalSection(SolutionProperties) = preSolution
		HideSolutionNode = FALSE
	EndGlobalSection
	GlobalSection(NestedProjects) = preSolution
		{9C6004F9-3AD0-4C4A-BC53-672E0DA5A875} = {827E0CD3-B72D-47B6-A68D-7590B98EB39B}
		{0F7F1D64-3B77-4A4D-AE78-E53192B2BBBA} = {827E0CD3-B72D-47B6-A68D-7590B98EB39B}
		{97C1D0D0-5521-4248-B3B2-89A0E0C107EB} = {0AB3BF05-4346-4AA6-1389-037BE0695223}
		{5E296DD3-4A53-47B3-8DDA-F2735033A371} = {0AB3BF05-4346-4AA6-1389-037BE0695223}
		{399727C8-1249-483B-B29E-4176812346CF} = {827E0CD3-B72D-47B6-A68D-7590B98EB39B}
		{054CB6E7-2EED-45EB-B2A0-CF7CD79581D7} = {827E0CD3-B72D-47B6-A68D-7590B98EB39B}
		{33B9696F-03D1-41F2-8137-1C54260AD124} = {827E0CD3-B72D-47B6-A68D-7590B98EB39B}
		{6F600E4A-38A9-4CB5-AF79-107268A15126} = {827E0CD3-B72D-47B6-A68D-7590B98EB39B}
		{EED4942C-78E3-4F43-8AAA-FEB6F5E32C9E} = {0AB3BF05-4346-4AA6-1389-037BE0695223}
		{0829B7BD-AC61-4E65-9312-BBD975CB9482} = {827E0CD3-B72D-47B6-A68D-7590B98EB39B}
		{8FF959FE-14E3-4143-BF92-2E8793135F96} = {827E0CD3-B72D-47B6-A68D-7590B98EB39B}
		{6469FB3F-64E5-4ABF-9B72-BB8A15DDB871} = {827E0CD3-B72D-47B6-A68D-7590B98EB39B}
	EndGlobalSection
EndGlobal
